
Microsoft Visual Studio Solution File, Format Version 12.00
# Visual Studio Version 16
VisualStudioVersion = 16.0.30503.244
MinimumVisualStudioVersion = 10.0.40219.1
Project("{8BC9CEB8-8B4A-11D0-8D11-00A0C91BC942}") = "Hello", "Hello_Parallel\Hello_Parallel.vcxproj", "{157FB920-C922-42B9-89DD-9041697CC870}"
EndProject
Project("{8BC9CEB8-8B4A-11D0-8D11-00A0C91BC942}") = "StaticDynamicGuided", "Matrix\Matrix.vcxproj", "{F9F71317-47C1-43B8-9A7C-8386989C8635}"
EndProject
Project("{8BC9CEB8-8B4A-11D0-8D11-00A0C91BC942}") = "FindMaxInVector", "FindMaxInVector\FindMaxInVector.vcxproj", "{9C3A739C-08F9-4BB4-89AA-ACA6C4C0ADB4}"
EndProject
Project("{8BC9CEB8-8B4A-11D0-8D11-00A0C91BC942}") = "ScalarProduct", "Scalar_Product\Scalar_Product.vcxproj", "{416A1417-36D5-450D-9C90-5B4CB93F6DC7}"
EndProject
Project("{8BC9CEB8-8B4A-11D0-8D11-00A0C91BC942}") = "Integration", "Integration\Integration.vcxproj", "{37577C78-D05D-4A88-8A37-6269D978B32A}"
EndProject
Project("{8BC9CEB8-8B4A-11D0-8D11-00A0C91BC942}") = "FindMaxMinInMatrix", "FindMaxMinInMatrix\FindMaxMinInMatrix.vcxproj", "{5BC1B129-FC42-4420-A342-F8B91CA3DED3}"
EndProject
Project("{8BC9CEB8-8B4A-11D0-8D11-00A0C91BC942}") = "RunForestRun", "RunForestRun\RunForestRun.vcxproj", "{E22D215E-990E-497E-AA4D-9314338596C8}"
EndProject
Project("{8BC9CEB8-8B4A-11D0-8D11-00A0C91BC942}") = "Reduction", "Reduction\Reduction.vcxproj", "{334C0A1C-67A5-4CF3-A921-0FA0D726E3B3}"
EndProject
Global
	GlobalSection(SolutionConfigurationPlatforms) = preSolution
		Debug|x64 = Debug|x64
		Debug|x86 = Debug|x86
		Release|x64 = Release|x64
		Release|x86 = Release|x86
	EndGlobalSection
	GlobalSection(ProjectConfigurationPlatforms) = postSolution
		{157FB920-C922-42B9-89DD-9041697CC870}.Debug|x64.ActiveCfg = Debug|x64
		{157FB920-C922-42B9-89DD-9041697CC870}.Debug|x64.Build.0 = Debug|x64
		{157FB920-C922-42B9-89DD-9041697CC870}.Debug|x86.ActiveCfg = Debug|Win32
		{157FB920-C922-42B9-89DD-9041697CC870}.Debug|x86.Build.0 = Debug|Win32
		{157FB920-C922-42B9-89DD-9041697CC870}.Release|x64.ActiveCfg = Release|x64
		{157FB920-C922-42B9-89DD-9041697CC870}.Release|x64.Build.0 = Release|x64
		{157FB920-C922-42B9-89DD-9041697CC870}.Release|x86.ActiveCfg = Release|Win32
		{157FB920-C922-42B9-89DD-9041697CC870}.Release|x86.Build.0 = Release|Win32
		{F9F71317-47C1-43B8-9A7C-8386989C8635}.Debug|x64.ActiveCfg = Debug|x64
		{F9F71317-47C1-43B8-9A7C-8386989C8635}.Debug|x64.Build.0 = Debug|x64
		{F9F71317-47C1-43B8-9A7C-8386989C8635}.Debug|x86.ActiveCfg = Debug|Win32
		{F9F71317-47C1-43B8-9A7C-8386989C8635}.Debug|x86.Build.0 = Debug|Win32
		{F9F71317-47C1-43B8-9A7C-8386989C8635}.Release|x64.ActiveCfg = Release|x64
		{F9F71317-47C1-43B8-9A7C-8386989C8635}.Release|x64.Build.0 = Release|x64
		{F9F71317-47C1-43B8-9A7C-8386989C8635}.Release|x86.ActiveCfg = Release|Win32
		{F9F71317-47C1-43B8-9A7C-8386989C8635}.Release|x86.Build.0 = Release|Win32
		{9C3A739C-08F9-4BB4-89AA-ACA6C4C0ADB4}.Debug|x64.ActiveCfg = Debug|x64
		{9C3A739C-08F9-4BB4-89AA-ACA6C4C0ADB4}.Debug|x64.Build.0 = Debug|x64
		{9C3A739C-08F9-4BB4-89AA-ACA6C4C0ADB4}.Debug|x86.ActiveCfg = Debug|Win32
		{9C3A739C-08F9-4BB4-89AA-ACA6C4C0ADB4}.Debug|x86.Build.0 = Debug|Win32
		{9C3A739C-08F9-4BB4-89AA-ACA6C4C0ADB4}.Release|x64.ActiveCfg = Release|x64
		{9C3A739C-08F9-4BB4-89AA-ACA6C4C0ADB4}.Release|x64.Build.0 = Release|x64
		{9C3A739C-08F9-4BB4-89AA-ACA6C4C0ADB4}.Release|x86.ActiveCfg = Release|Win32
		{9C3A739C-08F9-4BB4-89AA-ACA6C4C0ADB4}.Release|x86.Build.0 = Release|Win32
		{416A1417-36D5-450D-9C90-5B4CB93F6DC7}.Debug|x64.ActiveCfg = Debug|x64
		{416A1417-36D5-450D-9C90-5B4CB93F6DC7}.Debug|x64.Build.0 = Debug|x64
		{416A1417-36D5-450D-9C90-5B4CB93F6DC7}.Debug|x86.ActiveCfg = Debug|Win32
		{416A1417-36D5-450D-9C90-5B4CB93F6DC7}.Debug|x86.Build.0 = Debug|Win32
		{416A1417-36D5-450D-9C90-5B4CB93F6DC7}.Release|x64.ActiveCfg = Release|x64
		{416A1417-36D5-450D-9C90-5B4CB93F6DC7}.Release|x64.Build.0 = Release|x64
		{416A1417-36D5-450D-9C90-5B4CB93F6DC7}.Release|x86.ActiveCfg = Release|Win32
		{416A1417-36D5-450D-9C90-5B4CB93F6DC7}.Release|x86.Build.0 = Release|Win32
		{37577C78-D05D-4A88-8A37-6269D978B32A}.Debug|x64.ActiveCfg = Debug|x64
		{37577C78-D05D-4A88-8A37-6269D978B32A}.Debug|x64.Build.0 = Debug|x64
		{37577C78-D05D-4A88-8A37-6269D978B32A}.Debug|x86.ActiveCfg = Debug|Win32
		{37577C78-D05D-4A88-8A37-6269D978B32A}.Debug|x86.Build.0 = Debug|Win32
		{37577C78-D05D-4A88-8A37-6269D978B32A}.Release|x64.ActiveCfg = Release|x64
		{37577C78-D05D-4A88-8A37-6269D978B32A}.Release|x64.Build.0 = Release|x64
		{37577C78-D05D-4A88-8A37-6269D978B32A}.Release|x86.ActiveCfg = Release|Win32
		{37577C78-D05D-4A88-8A37-6269D978B32A}.Release|x86.Build.0 = Release|Win32
		{5BC1B129-FC42-4420-A342-F8B91CA3DED3}.Debug|x64.ActiveCfg = Debug|x64
		{5BC1B129-FC42-4420-A342-F8B91CA3DED3}.Debug|x64.Build.0 = Debug|x64
		{5BC1B129-FC42-4420-A342-F8B91CA3DED3}.Debug|x86.ActiveCfg = Debug|Win32
		{5BC1B129-FC42-4420-A342-F8B91CA3DED3}.Debug|x86.Build.0 = Debug|Win32
		{5BC1B129-FC42-4420-A342-F8B91CA3DED3}.Release|x64.ActiveCfg = Release|x64
		{5BC1B129-FC42-4420-A342-F8B91CA3DED3}.Release|x64.Build.0 = Release|x64
		{5BC1B129-FC42-4420-A342-F8B91CA3DED3}.Release|x86.ActiveCfg = Release|Win32
		{5BC1B129-FC42-4420-A342-F8B91CA3DED3}.Release|x86.Build.0 = Release|Win32
		{E22D215E-990E-497E-AA4D-9314338596C8}.Debug|x64.ActiveCfg = Debug|x64
		{E22D215E-990E-497E-AA4D-9314338596C8}.Debug|x64.Build.0 = Debug|x64
		{E22D215E-990E-497E-AA4D-9314338596C8}.Debug|x86.ActiveCfg = Debug|Win32
		{E22D215E-990E-497E-AA4D-9314338596C8}.Debug|x86.Build.0 = Debug|Win32
		{E22D215E-990E-497E-AA4D-9314338596C8}.Release|x64.ActiveCfg = Release|x64
		{E22D215E-990E-497E-AA4D-9314338596C8}.Release|x64.Build.0 = Release|x64
		{E22D215E-990E-497E-AA4D-9314338596C8}.Release|x86.ActiveCfg = Release|Win32
		{E22D215E-990E-497E-AA4D-9314338596C8}.Release|x86.Build.0 = Release|Win32
		{334C0A1C-67A5-4CF3-A921-0FA0D726E3B3}.Debug|x64.ActiveCfg = Debug|x64
		{334C0A1C-67A5-4CF3-A921-0FA0D726E3B3}.Debug|x64.Build.0 = Debug|x64
		{334C0A1C-67A5-4CF3-A921-0FA0D726E3B3}.Debug|x86.ActiveCfg = Debug|Win32
		{334C0A1C-67A5-4CF3-A921-0FA0D726E3B3}.Debug|x86.Build.0 = Debug|Win32
		{334C0A1C-67A5-4CF3-A921-0FA0D726E3B3}.Release|x64.ActiveCfg = Release|x64
		{334C0A1C-67A5-4CF3-A921-0FA0D726E3B3}.Release|x64.Build.0 = Release|x64
		{334C0A1C-67A5-4CF3-A921-0FA0D726E3B3}.Release|x86.ActiveCfg = Release|Win32
		{334C0A1C-67A5-4CF3-A921-0FA0D726E3B3}.Release|x86.Build.0 = Release|Win32
	EndGlobalSection
	GlobalSection(SolutionProperties) = preSolution
		HideSolutionNode = FALSE
	EndGlobalSection
	GlobalSection(ExtensibilityGlobals) = postSolution
		SolutionGuid = {82B89DF9-1AE4-48C2-A6E6-83D38FFEDDEB}
	EndGlobalSection
EndGlobal
